
Microsoft Visual Studio Solution File, Format Version 12.00
# Visual Studio 2013
Project("{FAE04EC0-301F-11D3-BF4B-00C04F79EFBC}") = "UnityVS.ActionProject.CSharp", "UnityVS.ActionProject.CSharp.csproj", "{14460716-D5E2-CA03-F8F1-CA16849DA878}"
EndProject
Project("{FAE04EC0-301F-11D3-BF4B-00C04F79EFBC}") = "UnityVS.ActionProject.CSharp.Editor", "UnityVS.ActionProject.CSharp.Editor.csproj", "{BDA02C6E-3EFD-47B3-545E-1AF4E10BA89F}"
EndProject
Global
	GlobalSection(SolutionConfigurationPlatforms) = preSolution
		Debug|Any CPU = Debug|Any CPU
		Release|Any CPU = Release|Any CPU
	EndGlobalSection
	GlobalSection(ProjectConfigurationPlatforms) = postSolution
		{14460716-D5E2-CA03-F8F1-CA16849DA878}.Debug|Any CPU.ActiveCfg = Debug|Any CPU
		{14460716-D5E2-CA03-F8F1-CA16849DA878}.Debug|Any CPU.Build.0 = Debug|Any CPU
		{14460716-D5E2-CA03-F8F1-CA16849DA878}.Release|Any CPU.ActiveCfg = Release|Any CPU
		{14460716-D5E2-CA03-F8F1-CA16849DA878}.Release|Any CPU.Build.0 = Release|Any CPU
		{BDA02C6E-3EFD-47B3-545E-1AF4E10BA89F}.Debug|Any CPU.ActiveCfg = Debug|Any CPU
		{BDA02C6E-3EFD-47B3-545E-1AF4E10BA89F}.Debug|Any CPU.Build.0 = Debug|Any CPU
		{BDA02C6E-3EFD-47B3-545E-1AF4E10BA89F}.Release|Any CPU.ActiveCfg = Release|Any CPU
		{BDA02C6E-3EFD-47B3-545E-1AF4E10BA89F}.Release|Any CPU.Build.0 = Release|Any CPU
	EndGlobalSection
	GlobalSection(SolutionProperties) = preSolution
		HideSolutionNode = FALSE
	EndGlobalSection
EndGlobal
